
Microsoft Visual Studio Solution File, Format Version 12.00
# Visual Studio Version 17
VisualStudioVersion = 17.0.32112.339
MinimumVisualStudioVersion = 10.0.40219.1
Project("{9A19103F-16F7-4668-BE54-9A1E7A4F7556}") = "AbstractExample", "AbstractExample.csproj", "{A1799496-AB2C-400C-83EF-D4A50DCA413D}"
EndProject
Global
	GlobalSection(SolutionConfigurationPlatforms) = preSolution
		Debug|Any CPU = Debug|Any CPU
		Release|Any CPU = Release|Any CPU
	EndGlobalSection
	GlobalSection(ProjectConfigurationPlatforms) = postSolution
		{A1799496-AB2C-400C-83EF-D4A50DCA413D}.Debug|Any CPU.ActiveCfg = Debug|Any CPU
		{A1799496-AB2C-400C-83EF-D4A50DCA413D}.Debug|Any CPU.Build.0 = Debug|Any CPU
		{A1799496-AB2C-400C-83EF-D4A50DCA413D}.Release|Any CPU.ActiveCfg = Release|Any CPU
		{A1799496-AB2C-400C-83EF-D4A50DCA413D}.Release|Any CPU.Build.0 = Release|Any CPU
	EndGlobalSection
	GlobalSection(SolutionProperties) = preSolution
		HideSolutionNode = FALSE
	EndGlobalSection
	GlobalSection(ExtensibilityGlobals) = postSolution
		SolutionGuid = {7EE14158-EBA3-48F0-8893-39667EF57903}
	EndGlobalSection
EndGlobal
